
Microsoft Visual Studio Solution File, Format Version 12.00
# Visual Studio 15
VisualStudioVersion = 15.0.26124.0
MinimumVisualStudioVersion = 15.0.26124.0
Project("{FAE04EC0-301F-11D3-BF4B-00C04F79EFBC}") = "Yarhl", "Yarhl\Yarhl.csproj", "{9477DC2F-8F66-4F40-A34D-94B773B77F14}"
EndProject
Project("{FAE04EC0-301F-11D3-BF4B-00C04F79EFBC}") = "Yarhl.Media", "Yarhl.Media\Yarhl.Media.csproj", "{9EC7B7B0-C67C-4834-AC0B-8916A6F00A96}"
EndProject
Project("{FAE04EC0-301F-11D3-BF4B-00C04F79EFBC}") = "Yarhl.UnitTests", "Yarhl.UnitTests\Yarhl.UnitTests.csproj", "{032CD3C2-4BEA-4C52-8FB5-28B4DCCB044A}"
EndProject
Project("{FAE04EC0-301F-11D3-BF4B-00C04F79EFBC}") = "Yarhl.IntegrationTests", "Yarhl.IntegrationTests\Yarhl.IntegrationTests.csproj", "{B32EE98E-01F2-4B98-8160-7567C5AE1A8D}"
EndProject
Project("{FAE04EC0-301F-11D3-BF4B-00C04F79EFBC}") = "Yarhl.PerformanceTests", "Yarhl.PerformanceTests\Yarhl.PerformanceTests.csproj", "{ADF44DD6-B355-45FB-A50A-06CBCE2EFF6E}"
EndProject
Project("{FAE04EC0-301F-11D3-BF4B-00C04F79EFBC}") = "Yarhl.Examples", "Yarhl.Examples\Yarhl.Examples.csproj", "{F6CF5BDF-FD87-47DB-9BB3-0B9369236B85}"
EndProject
Global
	GlobalSection(SolutionConfigurationPlatforms) = preSolution
		Debug|Any CPU = Debug|Any CPU
		Debug|x64 = Debug|x64
		Debug|x86 = Debug|x86
		Release|Any CPU = Release|Any CPU
		Release|x64 = Release|x64
		Release|x86 = Release|x86
	EndGlobalSection
	GlobalSection(SolutionProperties) = preSolution
		HideSolutionNode = FALSE
	EndGlobalSection
	GlobalSection(ProjectConfigurationPlatforms) = postSolution
		{9477DC2F-8F66-4F40-A34D-94B773B77F14}.Debug|Any CPU.ActiveCfg = Debug|Any CPU
		{9477DC2F-8F66-4F40-A34D-94B773B77F14}.Debug|Any CPU.Build.0 = Debug|Any CPU
		{9477DC2F-8F66-4F40-A34D-94B773B77F14}.Debug|x64.ActiveCfg = Debug|Any CPU
		{9477DC2F-8F66-4F40-A34D-94B773B77F14}.Debug|x64.Build.0 = Debug|Any CPU
		{9477DC2F-8F66-4F40-A34D-94B773B77F14}.Debug|x86.ActiveCfg = Debug|Any CPU
		{9477DC2F-8F66-4F40-A34D-94B773B77F14}.Debug|x86.Build.0 = Debug|Any CPU
		{9477DC2F-8F66-4F40-A34D-94B773B77F14}.Release|Any CPU.ActiveCfg = Release|Any CPU
		{9477DC2F-8F66-4F40-A34D-94B773B77F14}.Release|Any CPU.Build.0 = Release|Any CPU
		{9477DC2F-8F66-4F40-A34D-94B773B77F14}.Release|x64.ActiveCfg = Release|Any CPU
		{9477DC2F-8F66-4F40-A34D-94B773B77F14}.Release|x64.Build.0 = Release|Any CPU
		{9477DC2F-8F66-4F40-A34D-94B773B77F14}.Release|x86.ActiveCfg = Release|Any CPU
		{9477DC2F-8F66-4F40-A34D-94B773B77F14}.Release|x86.Build.0 = Release|Any CPU
		{9EC7B7B0-C67C-4834-AC0B-8916A6F00A96}.Debug|Any CPU.ActiveCfg = Debug|Any CPU
		{9EC7B7B0-C67C-4834-AC0B-8916A6F00A96}.Debug|Any CPU.Build.0 = Debug|Any CPU
		{9EC7B7B0-C67C-4834-AC0B-8916A6F00A96}.Debug|x64.ActiveCfg = Debug|Any CPU
		{9EC7B7B0-C67C-4834-AC0B-8916A6F00A96}.Debug|x64.Build.0 = Debug|Any CPU
		{9EC7B7B0-C67C-4834-AC0B-8916A6F00A96}.Debug|x86.ActiveCfg = Debug|Any CPU
		{9EC7B7B0-C67C-4834-AC0B-8916A6F00A96}.Debug|x86.Build.0 = Debug|Any CPU
		{9EC7B7B0-C67C-4834-AC0B-8916A6F00A96}.Release|Any CPU.ActiveCfg = Release|Any CPU
		{9EC7B7B0-C67C-4834-AC0B-8916A6F00A96}.Release|Any CPU.Build.0 = Release|Any CPU
		{9EC7B7B0-C67C-4834-AC0B-8916A6F00A96}.Release|x64.ActiveCfg = Release|Any CPU
		{9EC7B7B0-C67C-4834-AC0B-8916A6F00A96}.Release|x64.Build.0 = Release|Any CPU
		{9EC7B7B0-C67C-4834-AC0B-8916A6F00A96}.Release|x86.ActiveCfg = Release|Any CPU
		{9EC7B7B0-C67C-4834-AC0B-8916A6F00A96}.Release|x86.Build.0 = Release|Any CPU
		{032CD3C2-4BEA-4C52-8FB5-28B4DCCB044A}.Debug|Any CPU.ActiveCfg = Debug|Any CPU
		{032CD3C2-4BEA-4C52-8FB5-28B4DCCB044A}.Debug|Any CPU.Build.0 = Debug|Any CPU
		{032CD3C2-4BEA-4C52-8FB5-28B4DCCB044A}.Debug|x64.ActiveCfg = Debug|Any CPU
		{032CD3C2-4BEA-4C52-8FB5-28B4DCCB044A}.Debug|x64.Build.0 = Debug|Any CPU
		{032CD3C2-4BEA-4C52-8FB5-28B4DCCB044A}.Debug|x86.ActiveCfg = Debug|Any CPU
		{032CD3C2-4BEA-4C52-8FB5-28B4DCCB044A}.Debug|x86.Build.0 = Debug|Any CPU
		{032CD3C2-4BEA-4C52-8FB5-28B4DCCB044A}.Release|Any CPU.ActiveCfg = Release|Any CPU
		{032CD3C2-4BEA-4C52-8FB5-28B4DCCB044A}.Release|Any CPU.Build.0 = Release|Any CPU
		{032CD3C2-4BEA-4C52-8FB5-28B4DCCB044A}.Release|x64.ActiveCfg = Release|Any CPU
		{032CD3C2-4BEA-4C52-8FB5-28B4DCCB044A}.Release|x64.Build.0 = Release|Any CPU
		{032CD3C2-4BEA-4C52-8FB5-28B4DCCB044A}.Release|x86.ActiveCfg = Release|Any CPU
		{032CD3C2-4BEA-4C52-8FB5-28B4DCCB044A}.Release|x86.Build.0 = Release|Any CPU
		{B32EE98E-01F2-4B98-8160-7567C5AE1A8D}.Debug|Any CPU.ActiveCfg = Debug|Any CPU
		{B32EE98E-01F2-4B98-8160-7567C5AE1A8D}.Debug|Any CPU.Build.0 = Debug|Any CPU
		{B32EE98E-01F2-4B98-8160-7567C5AE1A8D}.Debug|x64.ActiveCfg = Debug|Any CPU
		{B32EE98E-01F2-4B98-8160-7567C5AE1A8D}.Debug|x64.Build.0 = Debug|Any CPU
		{B32EE98E-01F2-4B98-8160-7567C5AE1A8D}.Debug|x86.ActiveCfg = Debug|Any CPU
		{B32EE98E-01F2-4B98-8160-7567C5AE1A8D}.Debug|x86.Build.0 = Debug|Any CPU
		{B32EE98E-01F2-4B98-8160-7567C5AE1A8D}.Release|Any CPU.ActiveCfg = Release|Any CPU
		{B32EE98E-01F2-4B98-8160-7567C5AE1A8D}.Release|Any CPU.Build.0 = Release|Any CPU
		{B32EE98E-01F2-4B98-8160-7567C5AE1A8D}.Release|x64.ActiveCfg = Release|Any CPU
		{B32EE98E-01F2-4B98-8160-7567C5AE1A8D}.Release|x64.Build.0 = Release|Any CPU
		{B32EE98E-01F2-4B98-8160-7567C5AE1A8D}.Release|x86.ActiveCfg = Release|Any CPU
		{B32EE98E-01F2-4B98-8160-7567C5AE1A8D}.Release|x86.Build.0 = Release|Any CPU
		{ADF44DD6-B355-45FB-A50A-06CBCE2EFF6E}.Debug|Any CPU.ActiveCfg = Debug|Any CPU
		{ADF44DD6-B355-45FB-A50A-06CBCE2EFF6E}.Debug|Any CPU.Build.0 = Debug|Any CPU
		{ADF44DD6-B355-45FB-A50A-06CBCE2EFF6E}.Debug|x64.ActiveCfg = Debug|Any CPU
		{ADF44DD6-B355-45FB-A50A-06CBCE2EFF6E}.Debug|x64.Build.0 = Debug|Any CPU
		{ADF44DD6-B355-45FB-A50A-06CBCE2EFF6E}.Debug|x86.ActiveCfg = Debug|Any CPU
		{ADF44DD6-B355-45FB-A50A-06CBCE2EFF6E}.Debug|x86.Build.0 = Debug|Any CPU
		{ADF44DD6-B355-45FB-A50A-06CBCE2EFF6E}.Release|Any CPU.ActiveCfg = Release|Any CPU
		{ADF44DD6-B355-45FB-A50A-06CBCE2EFF6E}.Release|Any CPU.Build.0 = Release|Any CPU
		{ADF44DD6-B355-45FB-A50A-06CBCE2EFF6E}.Release|x64.ActiveCfg = Release|Any CPU
		{ADF44DD6-B355-45FB-A50A-06CBCE2EFF6E}.Release|x64.Build.0 = Release|Any CPU
		{ADF44DD6-B355-45FB-A50A-06CBCE2EFF6E}.Release|x86.ActiveCfg = Release|Any CPU
		{ADF44DD6-B355-45FB-A50A-06CBCE2EFF6E}.Release|x86.Build.0 = Release|Any CPU
		{F6CF5BDF-FD87-47DB-9BB3-0B9369236B85}.Debug|Any CPU.ActiveCfg = Debug|Any CPU
		{F6CF5BDF-FD87-47DB-9BB3-0B9369236B85}.Debug|Any CPU.Build.0 = Debug|Any CPU
		{F6CF5BDF-FD87-47DB-9BB3-0B9369236B85}.Debug|x64.ActiveCfg = Debug|Any CPU
		{F6CF5BDF-FD87-47DB-9BB3-0B9369236B85}.Debug|x64.Build.0 = Debug|Any CPU
		{F6CF5BDF-FD87-47DB-9BB3-0B9369236B85}.Debug|x86.ActiveCfg = Debug|Any CPU
		{F6CF5BDF-FD87-47DB-9BB3-0B9369236B85}.Debug|x86.Build.0 = Debug|Any CPU
		{F6CF5BDF-FD87-47DB-9BB3-0B9369236B85}.Release|Any CPU.ActiveCfg = Release|Any CPU
		{F6CF5BDF-FD87-47DB-9BB3-0B9369236B85}.Release|Any CPU.Build.0 = Release|Any CPU
		{F6CF5BDF-FD87-47DB-9BB3-0B9369236B85}.Release|x64.ActiveCfg = Release|Any CPU
		{F6CF5BDF-FD87-47DB-9BB3-0B9369236B85}.Release|x64.Build.0 = Release|Any CPU
		{F6CF5BDF-FD87-47DB-9BB3-0B9369236B85}.Release|x86.ActiveCfg = Release|Any CPU
		{F6CF5BDF-FD87-47DB-9BB3-0B9369236B85}.Release|x86.Build.0 = Release|Any CPU
	EndGlobalSection
EndGlobal
